// !$*UTF8*$!
{
	archiveVersion = 1;
	classes = {
	};
	objectVersion = 77;
	objects = {

/* Begin PBXContainerItemProxy section */
		08B4C0AC2F8E85BB00D7E15F /* PBXContainerItemProxy */ = {
			isa = PBXContainerItemProxy;
			containerPortal = 08B4C0922F8E85BA00D7E15F /* Project object */;
			proxyType = 1;
			remoteGlobalIDString = 08B4C0992F8E85BA00D7E15F;
			remoteInfo = "Brainstorm+";
		};
		08B4C0B62F8E85BB00D7E15F /* PBXContainerItemProxy */ = {
			isa = PBXContainerItemProxy;
			containerPortal = 08B4C0922F8E85BA00D7E15F /* Project object */;
			proxyType = 1;
			remoteGlobalIDString = 08B4C0992F8E85BA00D7E15F;
			remoteInfo = "Brainstorm+";
		};
/* End PBXContainerItemProxy section */

/* Begin PBXFileReference section */
		08B4C09A2F8E85BA00D7E15F /* Brainstorm+.app */ = {isa = PBXFileReference; explicitFileType = wrapper.application; includeInIndex = 0; path = "Brainstorm+.app"; sourceTree = BUILT_PRODUCTS_DIR; };
		08B4C0AB2F8E85BB00D7E15F /* Brainstorm+Tests.xctest */ = {isa = PBXFileReference; explicitFileType = wrapper.cfbundle; includeInIndex = 0; path = "Brainstorm+Tests.xctest"; sourceTree = BUILT_PRODUCTS_DIR; };
		08B4C0B52F8E85BB00D7E15F /* Brainstorm+UITests.xctest */ = {isa = PBXFileReference; explicitFileType = wrapper.cfbundle; includeInIndex = 0; path = "Brainstorm+UITests.xctest"; sourceTree = BUILT_PRODUCTS_DIR; };
/* End PBXFileReference section */

/* Begin PBXFileSystemSynchronizedBuildFileExceptionSet section */
		08B4C0BD2F8E85BB00D7E15F /* Exceptions for "Brainstorm+" folder in "Brainstorm+" target */ = {
			isa = PBXFileSystemSynchronizedBuildFileExceptionSet;
			membershipExceptions = (
				Info.plist,
			);
			target = 08B4C0992F8E85BA00D7E15F /* Brainstorm+ */;
		};
/* End PBXFileSystemSynchronizedBuildFileExceptionSet section */

/* Begin PBXFileSystemSynchronizedRootGroup section */
		08B4C09C2F8E85BA00D7E15F /* Brainstorm+ */ = {
			isa = PBXFileSystemSynchronizedRootGroup;
			exceptions = (
				08B4C0BD2F8E85BB00D7E15F /* Exceptions for "Brainstorm+" folder in "Brainstorm+" target */,
			);
			path = "Brainstorm+";
			sourceTree = "<group>";
		};
		08B4C0AE2F8E85BB00D7E15F /* Brainstorm+Tests */ = {
			isa = PBXFileSystemSynchronizedRootGroup;
			path = "Brainstorm+Tests";
			sourceTree = "<group>";
		};
		08B4C0B82F8E85BB00D7E15F /* Brainstorm+UITests */ = {
			isa = PBXFileSystemSynchronizedRootGroup;
			path = "Brainstorm+UITests";
			sourceTree = "<group>";
		};
/* End PBXFileSystemSynchronizedRootGroup section */

/* Begin PBXFrameworksBuildPhase section */
		08B4C0972F8E85BA00D7E15F /* Frameworks */ = {
			isa = PBXFrameworksBuildPhase;
			buildActionMask = 2147483647;
			files = (
			);
			runOnlyForDeploymentPostprocessing = 0;
		};
		08B4C0A82F8E85BB00D7E15F /* Frameworks */ = {
			isa = PBXFrameworksBuildPhase;
			buildActionMask = 2147483647;
			files = (
			);
			runOnlyForDeploymentPostprocessing = 0;
		};
		08B4C0B22F8E85BB00D7E15F /* Frameworks */ = {
			isa = PBXFrameworksBuildPhase;
			buildActionMask = 2147483647;
			files = (
			);
			runOnlyForDeploymentPostprocessing = 0;
		};
/* End PBXFrameworksBuildPhase section */

/* Begin PBXGroup section */
		08B4C0912F8E85BA00D7E15F = {
			isa = PBXGroup;
			children = (
				08B4C09C2F8E85BA00D7E15F /* Brainstorm+ */,
				08B4C0AE2F8E85BB00D7E15F /* Brainstorm+Tests */,
				08B4C0B82F8E85BB00D7E15F /* Brainstorm+UITests */,
				08B4C09B2F8E85BA00D7E15F /* Products */,
			);
			sourceTree = "<group>";
		};
		08B4C09B2F8E85BA00D7E15F /* Products */ = {
			isa = PBXGroup;
			children = (
				08B4C09A2F8E85BA00D7E15F /* Brainstorm+.app */,
				08B4C0AB2F8E85BB00D7E15F /* Brainstorm+Tests.xctest */,
				08B4C0B52F8E85BB00D7E15F /* Brainstorm+UITests.xctest */,
			);
			name = Products;
			sourceTree = "<group>";
		};
/* End PBXGroup section */

/* Begin PBXNativeTarget section */
		08B4C0992F8E85BA00D7E15F /* Brainstorm+ */ = {
			isa = PBXNativeTarget;
			buildConfigurationList = 08B4C0BE2F8E85BB00D7E15F /* Build configuration list for PBXNativeTarget "Brainstorm+" */;
			buildPhases = (
				08B4C0962F8E85BA00D7E15F /* Sources */,
				08B4C0972F8E85BA00D7E15F /* Frameworks */,
				08B4C0982F8E85BA00D7E15F /* Resources */,
			);
			buildRules = (
			);
			dependencies = (
			);
			fileSystemSynchronizedGroups = (
				08B4C09C2F8E85BA00D7E15F /* Brainstorm+ */,
			);
			name = "Brainstorm+";
			packageProductDependencies = (
			);
			productName = "Brainstorm+";
			productReference = 08B4C09A2F8E85BA00D7E15F /* Brainstorm+.app */;
			productType = "com.apple.product-type.application";
		};
		08B4C0AA2F8E85BB00D7E15F /* Brainstorm+Tests */ = {
			isa = PBXNativeTarget;
			buildConfigurationList = 08B4C0C32F8E85BB00D7E15F /* Build configuration list for PBXNativeTarget "Brainstorm+Tests" */;
			buildPhases = (
				08B4C0A72F8E85BB00D7E15F /* Sources */,
				08B4C0A82F8E85BB00D7E15F /* Frameworks */,
				08B4C0A92F8E85BB00D7E15F /* Resources */,
			);
			buildRules = (
			);
			dependencies = (
				08B4C0AD2F8E85BB00D7E15F /* PBXTargetDependency */,
			);
			fileSystemSynchronizedGroups = (
				08B4C0AE2F8E85BB00D7E15F /* Brainstorm+Tests */,
			);
			name = "Brainstorm+Tests";
			packageProductDependencies = (
			);
			productName = "Brainstorm+Tests";
			productReference = 08B4C0AB2F8E85BB00D7E15F /* Brainstorm+Tests.xctest */;
			productType = "com.apple.product-type.bundle.unit-test";
		};
		08B4C0B42F8E85BB00D7E15F /* Brainstorm+UITests */ = {
			isa = PBXNativeTarget;
			buildConfigurationList = 08B4C0C62F8E85BB00D7E15F /* Build configuration list for PBXNativeTarget "Brainstorm+UITests" */;
			buildPhases = (
				08B4C0B12F8E85BB00D7E15F /* Sources */,
				08B4C0B22F8E85BB00D7E15F /* Frameworks */,
				08B4C0B32F8E85BB00D7E15F /* Resources */,
			);
			buildRules = (
			);
			dependencies = (
				08B4C0B72F8E85BB00D7E15F /* PBXTargetDependency */,
			);
			fileSystemSynchronizedGroups = (
				08B4C0B82F8E85BB00D7E15F /* Brainstorm+UITests */,
			);
			name = "Brainstorm+UITests";
			packageProductDependencies = (
			);
			productName = "Brainstorm+UITests";
			productReference = 08B4C0B52F8E85BB00D7E15F /* Brainstorm+UITests.xctest */;
			productType = "com.apple.product-type.bundle.ui-testing";
		};
/* End PBXNativeTarget section */

/* Begin PBXProject section */
		08B4C0922F8E85BA00D7E15F /* Project object */ = {
			isa = PBXProject;
			attributes = {
				BuildIndependentTargetsInParallel = 1;
				LastSwiftUpdateCheck = 2640;
				LastUpgradeCheck = 2640;
				TargetAttributes = {
					08B4C0992F8E85BA00D7E15F = {
						CreatedOnToolsVersion = 26.4;
					};
					08B4C0AA2F8E85BB00D7E15F = {
						CreatedOnToolsVersion = 26.4;
						TestTargetID = 08B4C0992F8E85BA00D7E15F;
					};
					08B4C0B42F8E85BB00D7E15F = {
						CreatedOnToolsVersion = 26.4;
						TestTargetID = 08B4C0992F8E85BA00D7E15F;
					};
				};
			};
			buildConfigurationList = 08B4C0952F8E85BA00D7E15F /* Build configuration list for PBXProject "Brainstorm+" */;
			developmentRegion = en;
			hasScannedForEncodings = 0;
			knownRegions = (
				en,
				Base,
			);
			mainGroup = 08B4C0912F8E85BA00D7E15F;
			minimizedProjectReferenceProxies = 1;
			preferredProjectObjectVersion = 77;
			productRefGroup = 08B4C09B2F8E85BA00D7E15F /* Products */;
			projectDirPath = "";
			projectRoot = "";
			targets = (
				08B4C0992F8E85BA00D7E15F /* Brainstorm+ */,
				08B4C0AA2F8E85BB00D7E15F /* Brainstorm+Tests */,
				08B4C0B42F8E85BB00D7E15F /* Brainstorm+UITests */,
			);
		};
/* End PBXProject section */

/* Begin PBXResourcesBuildPhase section */
		08B4C0982F8E85BA00D7E15F /* Resources */ = {
			isa = PBXResourcesBuildPhase;
			buildActionMask = 2147483647;
			files = (
			);
			runOnlyForDeploymentPostprocessing = 0;
		};
		08B4C0A92F8E85BB00D7E15F /* Resources */ = {
			isa = PBXResourcesBuildPhase;
			buildActionMask = 2147483647;
			files = (
			);
			runOnlyForDeploymentPostprocessing = 0;
		};
		08B4C0B32F8E85BB00D7E15F /* Resources */ = {
			isa = PBXResourcesBuildPhase;
			buildActionMask = 2147483647;
			files = (
			);
			runOnlyForDeploymentPostprocessing = 0;
		};
/* End PBXResourcesBuildPhase section */

/* Begin PBXSourcesBuildPhase section */
		08B4C0962F8E85BA00D7E15F /* Sources */ = {
			isa = PBXSourcesBuildPhase;
			buildActionMask = 2147483647;
			files = (
			);
			runOnlyForDeploymentPostprocessing = 0;
		};
		08B4C0A72F8E85BB00D7E15F /* Sources */ = {
			isa = PBXSourcesBuildPhase;
			buildActionMask = 2147483647;
			files = (
			);
			runOnlyForDeploymentPostprocessing = 0;
		};
		08B4C0B12F8E85BB00D7E15F /* Sources */ = {
			isa = PBXSourcesBuildPhase;
			buildActionMask = 2147483647;
			files = (
			);
			runOnlyForDeploymentPostprocessing = 0;
		};
/* End PBXSourcesBuildPhase section */

/* Begin PBXTargetDependency section */
		08B4C0AD2F8E85BB00D7E15F /* PBXTargetDependency */ = {
			isa = PBXTargetDependency;
			target = 08B4C0992F8E85BA00D7E15F /* Brainstorm+ */;
			targetProxy = 08B4C0AC2F8E85BB00D7E15F /* PBXContainerItemProxy */;
		};
		08B4C0B72F8E85BB00D7E15F /* PBXTargetDependency */ = {
			isa = PBXTargetDependency;
			target = 08B4C0992F8E85BA00D7E15F /* Brainstorm+ */;
			targetProxy = 08B4C0B62F8E85BB00D7E15F /* PBXContainerItemProxy */;
		};
/* End PBXTargetDependency section */

/* Begin XCBuildConfiguration section */
		08B4C0BF2F8E85BB00D7E15F /* Debug */ = {
			isa = XCBuildConfiguration;
			buildSettings = {
				ASSETCATALOG_COMPILER_APPICON_NAME = AppIcon;
				ASSETCATALOG_COMPILER_GLOBAL_ACCENT_COLOR_NAME = AccentColor;
				CODE_SIGN_ENTITLEMENTS = "Brainstorm+/Brainstorm_.entitlements";
				CODE_SIGN_STYLE = Automatic;
				CURRENT_PROJECT_VERSION = 1;
				DEVELOPMENT_TEAM = 8638YJLYKP;
				ENABLE_PREVIEWS = YES;
				GENERATE_INFOPLIST_FILE = YES;
				INFOPLIST_FILE = "Brainstorm+/Info.plist";
				INFOPLIST_KEY_UIApplicationSceneManifest_Generation = YES;
				INFOPLIST_KEY_UIApplicationSupportsIndirectInputEvents = YES;
				INFOPLIST_KEY_UILaunchScreen_Generation = YES;
				INFOPLIST_KEY_UISupportedInterfaceOrientations_iPad = "UIInterfaceOrientationPortrait UIInterfaceOrientationPortraitUpsideDown UIInterfaceOrientationLandscapeLeft UIInterfaceOrientationLandscapeRight";
				INFOPLIST_KEY_UISupportedInterfaceOrientations_iPhone = "UIInterfaceOrientationPortrait UIInterfaceOrientationLandscapeLeft UIInterfaceOrientationLandscapeRight";
				LD_RUNPATH_SEARCH_PATHS = (
					"$(inherited)",
					"@executable_path/Frameworks",
				);
				MARKETING_VERSION = 1.0;
				PRODUCT_BUNDLE_IDENTIFIER = "com.samuraiplus.Brainstorm-";
				PRODUCT_NAME = "$(TARGET_NAME)";
				STRING_CATALOG_GENERATE_SYMBOLS = YES;
				SWIFT_APPROACHABLE_CONCURRENCY = YES;
				SWIFT_DEFAULT_ACTOR_ISOLATION = MainActor;
				SWIFT_EMIT_LOC_STRINGS = YES;
				SWIFT_UPCOMING_FEATURE_MEMBER_IMPORT_VISIBILITY = YES;
				SWIFT_VERSION = 5.0;
				TARGETED_DEVICE_FAMILY = "1,2";
			};
			name = Debug;
		};
		08B4C0C02F8E85BB00D7E15F /* Release */ = {
			isa = XCBuildConfiguration;
			buildSettings = {
				ASSETCATALOG_COMPILER_APPICON_NAME = AppIcon;
				ASSETCATALOG_COMPILER_GLOBAL_ACCENT_COLOR_NAME = AccentColor;
				CODE_SIGN_ENTITLEMENTS = "Brainstorm+/Brainstorm_.entitlements";
				CODE_SIGN_STYLE = Automatic;
				CURRENT_PROJECT_VERSION = 1;
				DEVELOPMENT_TEAM = 8638YJLYKP;
				ENABLE_PREVIEWS = YES;
				GENERATE_INFOPLIST_FILE = YES;
				INFOPLIST_FILE = "Brainstorm+/Info.plist";
				INFOPLIST_KEY_UIApplicationSceneManifest_Generation = YES;
				INFOPLIST_KEY_UIApplicationSupportsIndirectInputEvents = YES;
				INFOPLIST_KEY_UILaunchScreen_Generation = YES;
				INFOPLIST_KEY_UISupportedInterfaceOrientations_iPad = "UIInterfaceOrientationPortrait UIInterfaceOrientationPortraitUpsideDown UIInterfaceOrientationLandscapeLeft UIInterfaceOrientationLandscapeRight";
				INFOPLIST_KEY_UISupportedInterfaceOrientations_iPhone = "UIInterfaceOrientationPortrait UIInterfaceOrientationLandscapeLeft UIInterfaceOrientationLandscapeRight";
				LD_RUNPATH_SEARCH_PATHS = (
					"$(inherited)",
					"@executable_path/Frameworks",
				);
				MARKETING_VERSION = 1.0;
				PRODUCT_BUNDLE_IDENTIFIER = "com.samuraiplus.Brainstorm-";
				PRODUCT_NAME = "$(TARGET_NAME)";
				STRING_CATALOG_GENERATE_SYMBOLS = YES;
				SWIFT_APPROACHABLE_CONCURRENCY = YES;
				SWIFT_DEFAULT_ACTOR_ISOLATION = MainActor;
				SWIFT_EMIT_LOC_STRINGS = YES;
				SWIFT_UPCOMING_FEATURE_MEMBER_IMPORT_VISIBILITY = YES;
				SWIFT_VERSION = 5.0;
				TARGETED_DEVICE_FAMILY = "1,2";
			};
			name = Release;
		};
		08B4C0C12F8E85BB00D7E15F /* Debug */ = {
			isa = XCBuildConfiguration;
			buildSettings = {
				ALWAYS_SEARCH_USER_PATHS = NO;
				ASSETCATALOG_COMPILER_GENERATE_SWIFT_ASSET_SYMBOL_EXTENSIONS = YES;
				CLANG_ANALYZER_NONNULL = YES;
				CLANG_ANALYZER_NUMBER_OBJECT_CONVERSION = YES_AGGRESSIVE;
				CLANG_CXX_LANGUAGE_STANDARD = "gnu++20";
				CLANG_ENABLE_MODULES = YES;
				CLANG_ENABLE_OBJC_ARC = YES;
				CLANG_ENABLE_OBJC_WEAK = YES;
				CLANG_WARN_BLOCK_CAPTURE_AUTORELEASING = YES;
				CLANG_WARN_BOOL_CONVERSION = YES;
				CLANG_WARN_COMMA = YES;
				CLANG_WARN_CONSTANT_CONVERSION = YES;
				CLANG_WARN_DEPRECATED_OBJC_IMPLEMENTATIONS = YES;
				CLANG_WARN_DIRECT_OBJC_ISA_USAGE = YES_ERROR;
				CLANG_WARN_DOCUMENTATION_COMMENTS = YES;
				CLANG_WARN_EMPTY_BODY = YES;
				CLANG_WARN_ENUM_CONVERSION = YES;
				CLANG_WARN_INFINITE_RECURSION = YES;
				CLANG_WARN_INT_CONVERSION = YES;
				CLANG_WARN_NON_LITERAL_NULL_CONVERSION = YES;
				CLANG_WARN_OBJC_IMPLICIT_RETAIN_SELF = YES;
				CLANG_WARN_OBJC_LITERAL_CONVERSION = YES;
				CLANG_WARN_OBJC_ROOT_CLASS = YES_ERROR;
				CLANG_WARN_QUOTED_INCLUDE_IN_FRAMEWORK_HEADER = YES;
				CLANG_WARN_RANGE_LOOP_ANALYSIS = YES;
				CLANG_WARN_STRICT_PROTOTYPES = YES;
				CLANG_WARN_SUSPICIOUS_MOVE = YES;
				CLANG_WARN_UNGUARDED_AVAILABILITY = YES_AGGRESSIVE;
				CLANG_WARN_UNREACHABLE_CODE = YES;
				CLANG_WARN__DUPLICATE_METHOD_MATCH = YES;
				COPY_PHASE_STRIP = NO;
				DEBUG_INFORMATION_FORMAT = dwarf;
				DEVELOPMENT_TEAM = 8638YJLYKP;
				ENABLE_STRICT_OBJC_MSGSEND = YES;
				ENABLE_TESTABILITY = YES;
				ENABLE_USER_SCRIPT_SANDBOXING = YES;
				GCC_C_LANGUAGE_STANDARD = gnu17;
				GCC_DYNAMIC_NO_PIC = NO;
				GCC_NO_COMMON_BLOCKS = YES;
				GCC_OPTIMIZATION_LEVEL = 0;
				GCC_PREPROCESSOR_DEFINITIONS = (
					"DEBUG=1",
					"$(inherited)",
				);
				GCC_WARN_64_TO_32_BIT_CONVERSION = YES;
				GCC_WARN_ABOUT_RETURN_TYPE = YES_ERROR;
				GCC_WARN_UNDECLARED_SELECTOR = YES;
				GCC_WARN_UNINITIALIZED_AUTOS = YES_AGGRESSIVE;
				GCC_WARN_UNUSED_FUNCTION = YES;
				GCC_WARN_UNUSED_VARIABLE = YES;
				IPHONEOS_DEPLOYMENT_TARGET = 26.4;
				LOCALIZATION_PREFERS_STRING_CATALOGS = YES;
				MTL_ENABLE_DEBUG_INFO = INCLUDE_SOURCE;
				MTL_FAST_MATH = YES;
				ONLY_ACTIVE_ARCH = YES;
				SDKROOT = iphoneos;
				SWIFT_ACTIVE_COMPILATION_CONDITIONS = "DEBUG $(inherited)";
				SWIFT_OPTIMIZATION_LEVEL = "-Onone";
			};
			name = Debug;
		};
		08B4C0C22F8E85BB00D7E15F /* Release */ = {
			isa = XCBuildConfiguration;
			buildSettings = {
				ALWAYS_SEARCH_USER_PATHS = NO;
				ASSETCATALOG_COMPILER_GENERATE_SWIFT_ASSET_SYMBOL_EXTENSIONS = YES;
				CLANG_ANALYZER_NONNULL = YES;
				CLANG_ANALYZER_NUMBER_OBJECT_CONVERSION = YES_AGGRESSIVE;
				CLANG_CXX_LANGUAGE_STANDARD = "gnu++20";
				CLANG_ENABLE_MODULES = YES;
				CLANG_ENABLE_OBJC_ARC = YES;
				CLANG_ENABLE_OBJC_WEAK = YES;
				CLANG_WARN_BLOCK_CAPTURE_AUTORELEASING = YES;
				CLANG_WARN_BOOL_CONVERSION = YES;
				CLANG_WARN_COMMA = YES;
				CLANG_WARN_CONSTANT_CONVERSION = YES;
				CLANG_WARN_DEPRECATED_OBJC_IMPLEMENTATIONS = YES;
				CLANG_WARN_DIRECT_OBJC_ISA_USAGE = YES_ERROR;
				CLANG_WARN_DOCUMENTATION_COMMENTS = YES;
				CLANG_WARN_EMPTY_BODY = YES;
				CLANG_WARN_ENUM_CONVERSION = YES;
				CLANG_WARN_INFINITE_RECURSION = YES;
				CLANG_WARN_INT_CONVERSION = YES;
				CLANG_WARN_NON_LITERAL_NULL_CONVERSION = YES;
				CLANG_WARN_OBJC_IMPLICIT_RETAIN_SELF = YES;
				CLANG_WARN_OBJC_LITERAL_CONVERSION = YES;
				CLANG_WARN_OBJC_ROOT_CLASS = YES_ERROR;
				CLANG_WARN_QUOTED_INCLUDE_IN_FRAMEWORK_HEADER = YES;
				CLANG_WARN_RANGE_LOOP_ANALYSIS = YES;
				CLANG_WARN_STRICT_PROTOTYPES = YES;
				CLANG_WARN_SUSPICIOUS_MOVE = YES;
				CLANG_WARN_UNGUARDED_AVAILABILITY = YES_AGGRESSIVE;
				CLANG_WARN_UNREACHABLE_CODE = YES;
				CLANG_WARN__DUPLICATE_METHOD_MATCH = YES;
				COPY_PHASE_STRIP = NO;
				DEBUG_INFORMATION_FORMAT = "dwarf-with-dsym";
				DEVELOPMENT_TEAM = 8638YJLYKP;
				ENABLE_NS_ASSERTIONS = NO;
				ENABLE_STRICT_OBJC_MSGSEND = YES;
				ENABLE_USER_SCRIPT_SANDBOXING = YES;
				GCC_C_LANGUAGE_STANDARD = gnu17;
				GCC_NO_COMMON_BLOCKS = YES;
				GCC_WARN_64_TO_32_BIT_CONVERSION = YES;
				GCC_WARN_ABOUT_RETURN_TYPE = YES_ERROR;
				GCC_WARN_UNDECLARED_SELECTOR = YES;
				GCC_WARN_UNINITIALIZED_AUTOS = YES_AGGRESSIVE;
				GCC_WARN_UNUSED_FUNCTION = YES;
				GCC_WARN_UNUSED_VARIABLE = YES;
				IPHONEOS_DEPLOYMENT_TARGET = 26.4;
				LOCALIZATION_PREFERS_STRING_CATALOGS = YES;
				MTL_ENABLE_DEBUG_INFO = NO;
				MTL_FAST_MATH = YES;
				SDKROOT = iphoneos;
				SWIFT_COMPILATION_MODE = wholemodule;
				VALIDATE_PRODUCT = YES;
			};
			name = Release;
		};
		08B4C0C42F8E85BB00D7E15F /* Debug */ = {
			isa = XCBuildConfiguration;
			buildSettings = {
				BUNDLE_LOADER = "$(TEST_HOST)";
				CODE_SIGN_STYLE = Automatic;
				CURRENT_PROJECT_VERSION = 1;
				DEVELOPMENT_TEAM = 8638YJLYKP;
				GENERATE_INFOPLIST_FILE = YES;
				IPHONEOS_DEPLOYMENT_TARGET = 26.4;
				MARKETING_VERSION = 1.0;
				PRODUCT_BUNDLE_IDENTIFIER = "com.samuraiplus.Brainstorm-Tests";
				PRODUCT_NAME = "$(TARGET_NAME)";
				STRING_CATALOG_GENERATE_SYMBOLS = NO;
				SWIFT_APPROACHABLE_CONCURRENCY = YES;
				SWIFT_EMIT_LOC_STRINGS = NO;
				SWIFT_UPCOMING_FEATURE_MEMBER_IMPORT_VISIBILITY = YES;
				SWIFT_VERSION = 5.0;
				TARGETED_DEVICE_FAMILY = "1,2";
				TEST_HOST = "$(BUILT_PRODUCTS_DIR)/Brainstorm+.app/$(BUNDLE_EXECUTABLE_FOLDER_PATH)/Brainstorm+";
			};
			name = Debug;
		};
		08B4C0C52F8E85BB00D7E15F /* Release */ = {
			isa = XCBuildConfiguration;
			buildSettings = {
				BUNDLE_LOADER = "$(TEST_HOST)";
				CODE_SIGN_STYLE = Automatic;
				CURRENT_PROJECT_VERSION = 1;
				DEVELOPMENT_TEAM = 8638YJLYKP;
				GENERATE_INFOPLIST_FILE = YES;
				IPHONEOS_DEPLOYMENT_TARGET = 26.4;
				MARKETING_VERSION = 1.0;
				PRODUCT_BUNDLE_IDENTIFIER = "com.samuraiplus.Brainstorm-Tests";
				PRODUCT_NAME = "$(TARGET_NAME)";
				STRING_CATALOG_GENERATE_SYMBOLS = NO;
				SWIFT_APPROACHABLE_CONCURRENCY = YES;
				SWIFT_EMIT_LOC_STRINGS = NO;
				SWIFT_UPCOMING_FEATURE_MEMBER_IMPORT_VISIBILITY = YES;
				SWIFT_VERSION = 5.0;
				TARGETED_DEVICE_FAMILY = "1,2";
				TEST_HOST = "$(BUILT_PRODUCTS_DIR)/Brainstorm+.app/$(BUNDLE_EXECUTABLE_FOLDER_PATH)/Brainstorm+";
			};
			name = Release;
		};
		08B4C0C72F8E85BB00D7E15F /* Debug */ = {
			isa = XCBuildConfiguration;
			buildSettings = {
				CODE_SIGN_STYLE = Automatic;
				CURRENT_PROJECT_VERSION = 1;
				DEVELOPMENT_TEAM = 8638YJLYKP;
				GENERATE_INFOPLIST_FILE = YES;
				MARKETING_VERSION = 1.0;
				PRODUCT_BUNDLE_IDENTIFIER = "com.samuraiplus.Brainstorm-UITests";
				PRODUCT_NAME = "$(TARGET_NAME)";
				STRING_CATALOG_GENERATE_SYMBOLS = NO;
				SWIFT_APPROACHABLE_CONCURRENCY = YES;
				SWIFT_EMIT_LOC_STRINGS = NO;
				SWIFT_UPCOMING_FEATURE_MEMBER_IMPORT_VISIBILITY = YES;
				SWIFT_VERSION = 5.0;
				TARGETED_DEVICE_FAMILY = "1,2";
				TEST_TARGET_NAME = "Brainstorm+";
			};
			name = Debug;
		};
		08B4C0C82F8E85BB00D7E15F /* Release */ = {
			isa = XCBuildConfiguration;
			buildSettings = {
				CODE_SIGN_STYLE = Automatic;
				CURRENT_PROJECT_VERSION = 1;
				DEVELOPMENT_TEAM = 8638YJLYKP;
				GENERATE_INFOPLIST_FILE = YES;
				MARKETING_VERSION = 1.0;
				PRODUCT_BUNDLE_IDENTIFIER = "com.samuraiplus.Brainstorm-UITests";
				PRODUCT_NAME = "$(TARGET_NAME)";
				STRING_CATALOG_GENERATE_SYMBOLS = NO;
				SWIFT_APPROACHABLE_CONCURRENCY = YES;
				SWIFT_EMIT_LOC_STRINGS = NO;
				SWIFT_UPCOMING_FEATURE_MEMBER_IMPORT_VISIBILITY = YES;
				SWIFT_VERSION = 5.0;
				TARGETED_DEVICE_FAMILY = "1,2";
				TEST_TARGET_NAME = "Brainstorm+";
			};
			name = Release;
		};
/* End XCBuildConfiguration section */

/* Begin XCConfigurationList section */
		08B4C0952F8E85BA00D7E15F /* Build configuration list for PBXProject "Brainstorm+" */ = {
			isa = XCConfigurationList;
			buildConfigurations = (
				08B4C0C12F8E85BB00D7E15F /* Debug */,
				08B4C0C22F8E85BB00D7E15F /* Release */,
			);
			defaultConfigurationIsVisible = 0;
			defaultConfigurationName = Release;
		};
		08B4C0BE2F8E85BB00D7E15F /* Build configuration list for PBXNativeTarget "Brainstorm+" */ = {
			isa = XCConfigurationList;
			buildConfigurations = (
				08B4C0BF2F8E85BB00D7E15F /* Debug */,
				08B4C0C02F8E85BB00D7E15F /* Release */,
			);
			defaultConfigurationIsVisible = 0;
			defaultConfigurationName = Release;
		};
		08B4C0C32F8E85BB00D7E15F /* Build configuration list for PBXNativeTarget "Brainstorm+Tests" */ = {
			isa = XCConfigurationList;
			buildConfigurations = (
				08B4C0C42F8E85BB00D7E15F /* Debug */,
				08B4C0C52F8E85BB00D7E15F /* Release */,
			);
			defaultConfigurationIsVisible = 0;
			defaultConfigurationName = Release;
		};
		08B4C0C62F8E85BB00D7E15F /* Build configuration list for PBXNativeTarget "Brainstorm+UITests" */ = {
			isa = XCConfigurationList;
			buildConfigurations = (
				08B4C0C72F8E85BB00D7E15F /* Debug */,
				08B4C0C82F8E85BB00D7E15F /* Release */,
			);
			defaultConfigurationIsVisible = 0;
			defaultConfigurationName = Release;
		};
/* End XCConfigurationList section */
	};
	rootObject = 08B4C0922F8E85BA00D7E15F /* Project object */;
}
